
Microsoft Visual Studio Solution File, Format Version 12.00
# Visual Studio Version 16
VisualStudioVersion = 16.0.31129.286
MinimumVisualStudioVersion = 10.0.40219.1
Project("{FAE04EC0-301F-11D3-BF4B-00C04F79EFBC}") = "ValidCovidVaccine", "ValidCovidVaccine\ValidCovidVaccine.csproj", "{BDCB3845-FAA9-4908-A18D-CA5ED2256743}"
EndProject
Global
	GlobalSection(SolutionConfigurationPlatforms) = preSolution
		Debug|Any CPU = Debug|Any CPU
		Release|Any CPU = Release|Any CPU
	EndGlobalSection
	GlobalSection(ProjectConfigurationPlatforms) = postSolution
		{BDCB3845-FAA9-4908-A18D-CA5ED2256743}.Debug|Any CPU.ActiveCfg = Debug|Any CPU
		{BDCB3845-FAA9-4908-A18D-CA5ED2256743}.Debug|Any CPU.Build.0 = Debug|Any CPU
		{BDCB3845-FAA9-4908-A18D-CA5ED2256743}.Release|Any CPU.ActiveCfg = Release|Any CPU
		{BDCB3845-FAA9-4908-A18D-CA5ED2256743}.Release|Any CPU.Build.0 = Release|Any CPU
	EndGlobalSection
	GlobalSection(SolutionProperties) = preSolution
		HideSolutionNode = FALSE
	EndGlobalSection
	GlobalSection(ExtensibilityGlobals) = postSolution
		SolutionGuid = {3676310F-428C-42BD-BDEB-1DCF0F0C4D1C}
	EndGlobalSection
EndGlobal
